
Microsoft Visual Studio Solution File, Format Version 12.00
# Visual Studio 14
VisualStudioVersion = 14.0.25123.0
MinimumVisualStudioVersion = 10.0.40219.1
Project("{FAE04EC0-301F-11D3-BF4B-00C04F79EFBC}") = "AngularMVCTest1", "AngularMVCTest1\AngularMVCTest1.csproj", "{971D8834-7C3A-4C90-9852-C8751D2C51D7}"
EndProject
Global
	GlobalSection(SolutionConfigurationPlatforms) = preSolution
		Debug|Any CPU = Debug|Any CPU
		Release|Any CPU = Release|Any CPU
	EndGlobalSection
	GlobalSection(ProjectConfigurationPlatforms) = postSolution
		{971D8834-7C3A-4C90-9852-C8751D2C51D7}.Debug|Any CPU.ActiveCfg = Debug|Any CPU
		{971D8834-7C3A-4C90-9852-C8751D2C51D7}.Debug|Any CPU.Build.0 = Debug|Any CPU
		{971D8834-7C3A-4C90-9852-C8751D2C51D7}.Release|Any CPU.ActiveCfg = Release|Any CPU
		{971D8834-7C3A-4C90-9852-C8751D2C51D7}.Release|Any CPU.Build.0 = Release|Any CPU
	EndGlobalSection
	GlobalSection(SolutionProperties) = preSolution
		HideSolutionNode = FALSE
	EndGlobalSection
EndGlobal
